
An execution plan has been generated and is shown below.
Resource actions are indicated with the following symbols:
  + create

Terraform will perform the following actions:

  # aws_alb_target_group_attachment.alb_web[0] will be created
  + resource "aws_alb_target_group_attachment" "alb_web" {
      + id               = (known after apply)
      + port             = 80
      + target_group_arn = (known after apply)
      + target_id        = (known after apply)
    }

  # aws_db_parameter_group.db_param will be created
  + resource "aws_db_parameter_group" "db_param" {
      + arn         = (known after apply)
      + description = "Managed by Terraform"
      + family      = "aurora-mysql5.7"
      + id          = (known after apply)
      + name        = "terraform-tips-dev-rds-pg"
      + name_prefix = (known after apply)
      + tags        = {
          + "Env"     = "develop"
          + "Name"    = "terraform-tips-dev-rds-pg"
          + "Project" = "develop"
          + "Stage"   = "develop"
        }
      + tags_all    = {
          + "Env"     = "develop"
          + "Name"    = "terraform-tips-dev-rds-pg"
          + "Project" = "develop"
          + "Stage"   = "develop"
        }
    }

  # aws_db_subnet_group.db_subnetg will be created
  + resource "aws_db_subnet_group" "db_subnetg" {
      + arn         = (known after apply)
      + description = "Managed by Terraform"
      + id          = (known after apply)
      + name        = "terraform-tips-dev-db-subnetg"
      + name_prefix = (known after apply)
      + subnet_ids  = (known after apply)
      + tags        = {
          + "Env"     = "develop"
          + "Name"    = "terraform-tips-dev-db-subnetg"
          + "Project" = "develop"
          + "Stage"   = "develop"
        }
      + tags_all    = {
          + "Env"     = "develop"
          + "Name"    = "terraform-tips-dev-db-subnetg"
          + "Project" = "develop"
          + "Stage"   = "develop"
        }
    }

  # aws_default_route_table.main will be created
  + resource "aws_default_route_table" "main" {
      + arn                    = (known after apply)
      + default_route_table_id = (known after apply)
      + id                     = (known after apply)
      + owner_id               = (known after apply)
      + route                  = (known after apply)
      + tags                   = {
          + "Env"     = "develop"
          + "Name"    = "terraform-tips-dev-rtb"
          + "Project" = "develop"
          + "Stage"   = "develop"
        }
      + tags_all               = {
          + "Env"     = "develop"
          + "Name"    = "terraform-tips-dev-rtb"
          + "Project" = "develop"
          + "Stage"   = "develop"
        }
      + vpc_id                 = (known after apply)
    }

  # aws_instance.web[0] will be created
  + resource "aws_instance" "web" {
      + ami                                  = "ami-0d09f8d9512d684cb"
      + arn                                  = (known after apply)
      + associate_public_ip_address          = false
      + availability_zone                    = (known after apply)
      + cpu_core_count                       = (known after apply)
      + cpu_threads_per_core                 = (known after apply)
      + disable_api_termination              = (known after apply)
      + ebs_optimized                        = (known after apply)
      + get_password_data                    = false
      + host_id                              = (known after apply)
      + id                                   = (known after apply)
      + instance_initiated_shutdown_behavior = (known after apply)
      + instance_state                       = (known after apply)
      + instance_type                        = "t2.micro"
      + ipv6_address_count                   = (known after apply)
      + ipv6_addresses                       = (known after apply)
      + key_name                             = (known after apply)
      + monitoring                           = (known after apply)
      + outpost_arn                          = (known after apply)
      + password_data                        = (known after apply)
      + placement_group                      = (known after apply)
      + placement_partition_number           = (known after apply)
      + primary_network_interface_id         = (known after apply)
      + private_dns                          = (known after apply)
      + private_ip                           = (known after apply)
      + public_dns                           = (known after apply)
      + public_ip                            = (known after apply)
      + secondary_private_ips                = (known after apply)
      + security_groups                      = (known after apply)
      + source_dest_check                    = true
      + subnet_id                            = (known after apply)
      + tags                                 = {
          + "Env"     = "develop"
          + "Name"    = "terraform-tips-dev-ec2-web-01"
          + "Project" = "develop"
          + "Stage"   = "develop"
        }
      + tags_all                             = {
          + "Env"     = "develop"
          + "Name"    = "terraform-tips-dev-ec2-web-01"
          + "Project" = "develop"
          + "Stage"   = "develop"
        }
      + tenancy                              = (known after apply)
      + user_data                            = "94bd232efce1ccc715d077969ebe73fd132ce838"
      + user_data_base64                     = (known after apply)
      + vpc_security_group_ids               = (known after apply)

      + capacity_reservation_specification {
          + capacity_reservation_preference = (known after apply)

          + capacity_reservation_target {
              + capacity_reservation_id = (known after apply)
            }
        }

      + ebs_block_device {
          + delete_on_termination = (known after apply)
          + device_name           = (known after apply)
          + encrypted             = (known after apply)
          + iops                  = (known after apply)
          + kms_key_id            = (known after apply)
          + snapshot_id           = (known after apply)
          + tags                  = (known after apply)
          + throughput            = (known after apply)
          + volume_id             = (known after apply)
          + volume_size           = (known after apply)
          + volume_type           = (known after apply)
        }

      + enclave_options {
          + enabled = (known after apply)
        }

      + ephemeral_block_device {
          + device_name  = (known after apply)
          + no_device    = (known after apply)
          + virtual_name = (known after apply)
        }

      + metadata_options {
          + http_endpoint               = (known after apply)
          + http_put_response_hop_limit = (known after apply)
          + http_tokens                 = (known after apply)
          + instance_metadata_tags      = (known after apply)
        }

      + network_interface {
          + delete_on_termination = (known after apply)
          + device_index          = (known after apply)
          + network_interface_id  = (known after apply)
        }

      + root_block_device {
          + delete_on_termination = true
          + device_name           = (known after apply)
          + encrypted             = (known after apply)
          + iops                  = (known after apply)
          + kms_key_id            = (known after apply)
          + throughput            = (known after apply)
          + volume_id             = (known after apply)
          + volume_size           = 30
          + volume_type           = "gp3"
        }
    }

  # aws_internet_gateway.igw will be created
  + resource "aws_internet_gateway" "igw" {
      + arn      = (known after apply)
      + id       = (known after apply)
      + owner_id = (known after apply)
      + tags     = {
          + "Env"     = "develop"
          + "Name"    = "terraform-tips-dev-igw"
          + "Project" = "develop"
          + "Stage"   = "develop"
        }
      + tags_all = {
          + "Env"     = "develop"
          + "Name"    = "terraform-tips-dev-igw"
          + "Project" = "develop"
          + "Stage"   = "develop"
        }
      + vpc_id   = (known after apply)
    }

  # aws_lb.web will be created
  + resource "aws_lb" "web" {
      + arn                        = (known after apply)
      + arn_suffix                 = (known after apply)
      + desync_mitigation_mode     = "defensive"
      + dns_name                   = (known after apply)
      + drop_invalid_header_fields = false
      + enable_deletion_protection = false
      + enable_http2               = true
      + enable_waf_fail_open       = false
      + id                         = (known after apply)
      + idle_timeout               = 60
      + internal                   = false
      + ip_address_type            = (known after apply)
      + load_balancer_type         = "application"
      + name                       = "terraform-tips-dev-alb-web"
      + security_groups            = (known after apply)
      + subnets                    = (known after apply)
      + tags                       = {
          + "Env"     = "develop"
          + "Name"    = "terraform-tips-dev-alb-web"
          + "Project" = "develop"
          + "Stage"   = "develop"
        }
      + tags_all                   = {
          + "Env"     = "develop"
          + "Name"    = "terraform-tips-dev-alb-web"
          + "Project" = "develop"
          + "Stage"   = "develop"
        }
      + vpc_id                     = (known after apply)
      + zone_id                    = (known after apply)

      + access_logs {
          + bucket  = "tfstates-depot-bucket-poc"
          + enabled = true
          + prefix  = "AlbLogs"
        }

      + subnet_mapping {
          + allocation_id        = (known after apply)
          + ipv6_address         = (known after apply)
          + outpost_id           = (known after apply)
          + private_ipv4_address = (known after apply)
          + subnet_id            = (known after apply)
        }
    }

  # aws_lb_listener.web_http will be created
  + resource "aws_lb_listener" "web_http" {
      + arn               = (known after apply)
      + id                = (known after apply)
      + load_balancer_arn = (known after apply)
      + port              = 80
      + protocol          = "HTTP"
      + ssl_policy        = (known after apply)
      + tags_all          = (known after apply)

      + default_action {
          + order            = (known after apply)
          + target_group_arn = (known after apply)
          + type             = "forward"
        }
    }

  # aws_lb_listener_rule.forward will be created
  + resource "aws_lb_listener_rule" "forward" {
      + arn          = (known after apply)
      + id           = (known after apply)
      + listener_arn = (known after apply)
      + priority     = 99
      + tags_all     = (known after apply)

      + action {
          + order            = (known after apply)
          + target_group_arn = (known after apply)
          + type             = "forward"
        }

      + condition {

          + path_pattern {
              + values = [
                  + "/*",
                ]
            }
        }
    }

  # aws_lb_target_group.ec2_web will be created
  + resource "aws_lb_target_group" "ec2_web" {
      + arn                                = (known after apply)
      + arn_suffix                         = (known after apply)
      + connection_termination             = false
      + deregistration_delay               = "300"
      + id                                 = (known after apply)
      + lambda_multi_value_headers_enabled = false
      + load_balancing_algorithm_type      = (known after apply)
      + name                               = "terraform-tips-dev-tg-ec2-web"
      + port                               = 80
      + preserve_client_ip                 = (known after apply)
      + protocol                           = "HTTP"
      + protocol_version                   = (known after apply)
      + proxy_protocol_v2                  = false
      + slow_start                         = 0
      + tags                               = {
          + "Env"     = "develop"
          + "Name"    = "terraform-tips-dev-tg-ec2-web"
          + "Project" = "develop"
          + "Stage"   = "develop"
        }
      + tags_all                           = {
          + "Env"     = "develop"
          + "Name"    = "terraform-tips-dev-tg-ec2-web"
          + "Project" = "develop"
          + "Stage"   = "develop"
        }
      + target_type                        = "instance"
      + vpc_id                             = (known after apply)

      + health_check {
          + enabled             = true
          + healthy_threshold   = 3
          + interval            = 30
          + matcher             = (known after apply)
          + path                = "/index.html"
          + port                = "traffic-port"
          + protocol            = "HTTP"
          + timeout             = (known after apply)
          + unhealthy_threshold = 3
        }

      + stickiness {
          + cookie_duration = (known after apply)
          + cookie_name     = (known after apply)
          + enabled         = (known after apply)
          + type            = (known after apply)
        }
    }

  # aws_rds_cluster.db_cluster will be created
  + resource "aws_rds_cluster" "db_cluster" {
      + apply_immediately               = (known after apply)
      + arn                             = (known after apply)
      + availability_zones              = (known after apply)
      + backup_retention_period         = 7
      + cluster_identifier              = "terraform-tips-dev-rds"
      + cluster_identifier_prefix       = (known after apply)
      + cluster_members                 = (known after apply)
      + cluster_resource_id             = (known after apply)
      + copy_tags_to_snapshot           = true
      + database_name                   = (known after apply)
      + db_cluster_parameter_group_name = "terraform-tips-dev-rds-cpg"
      + db_subnet_group_name            = "terraform-tips-dev-db-subnetg"
      + enable_global_write_forwarding  = false
      + enable_http_endpoint            = false
      + endpoint                        = (known after apply)
      + engine                          = "aurora-mysql"
      + engine_mode                     = "provisioned"
      + engine_version                  = "5.7.mysql_aurora.2.09.2"
      + engine_version_actual           = (known after apply)
      + hosted_zone_id                  = (known after apply)
      + iam_roles                       = (known after apply)
      + id                              = (known after apply)
      + kms_key_id                      = (known after apply)
      + master_password                 = (sensitive value)
      + master_username                 = "TerraformLocal"
      + port                            = 3306
      + preferred_backup_window         = "19:30-20:00"
      + preferred_maintenance_window    = "tue:20:15-tue:20:45"
      + reader_endpoint                 = (known after apply)
      + skip_final_snapshot             = true
      + storage_encrypted               = true
      + tags                            = {
          + "Env"     = "develop"
          + "Name"    = "terraform-tips-dev-rds-cluster"
          + "Project" = "develop"
          + "Stage"   = "develop"
        }
      + tags_all                        = {
          + "Env"     = "develop"
          + "Name"    = "terraform-tips-dev-rds-cluster"
          + "Project" = "develop"
          + "Stage"   = "develop"
        }
      + vpc_security_group_ids          = (known after apply)
    }

  # aws_rds_cluster_parameter_group.db_cluster_param will be created
  + resource "aws_rds_cluster_parameter_group" "db_cluster_param" {
      + arn         = (known after apply)
      + description = "Managed by Terraform"
      + family      = "aurora-mysql5.7"
      + id          = (known after apply)
      + name        = "terraform-tips-dev-rds-cpg"
      + name_prefix = (known after apply)
      + tags        = {
          + "Env"     = "develop"
          + "Name"    = "terraform-tips-dev-rds-clu-pg"
          + "Project" = "develop"
          + "Stage"   = "develop"
        }
      + tags_all    = {
          + "Env"     = "develop"
          + "Name"    = "terraform-tips-dev-rds-clu-pg"
          + "Project" = "develop"
          + "Stage"   = "develop"
        }

      + parameter {
          + apply_method = "immediate"
          + name         = "character_set_database"
          + value        = "utf8"
        }
      + parameter {
          + apply_method = "immediate"
          + name         = "character_set_server"
          + value        = "utf8"
        }
      + parameter {
          + apply_method = "immediate"
          + name         = "collation_server"
          + value        = "utf8_general_ci"
        }
      + parameter {
          + apply_method = "immediate"
          + name         = "log_bin_trust_function_creators"
          + value        = "1"
        }
      + parameter {
          + apply_method = "immediate"
          + name         = "time_zone"
          + value        = "Asia/Tokyo"
        }
    }

  # aws_security_group.alb_web will be created
  + resource "aws_security_group" "alb_web" {
      + arn                    = (known after apply)
      + description            = "terraform-tips-dev-alb-web-sg"
      + egress                 = [
          + {
              + cidr_blocks      = [
                  + "0.0.0.0/0",
                ]
              + description      = ""
              + from_port        = 0
              + ipv6_cidr_blocks = []
              + prefix_list_ids  = []
              + protocol         = "-1"
              + security_groups  = []
              + self             = false
              + to_port          = 0
            },
        ]
      + id                     = (known after apply)
      + ingress                = [
          + {
              + cidr_blocks      = [
                  + "0.0.0.0/0",
                ]
              + description      = ""
              + from_port        = 80
              + ipv6_cidr_blocks = []
              + prefix_list_ids  = []
              + protocol         = "tcp"
              + security_groups  = []
              + self             = false
              + to_port          = 80
            },
        ]
      + name                   = "terraform-tips-dev-alb-web-sg"
      + name_prefix            = (known after apply)
      + owner_id               = (known after apply)
      + revoke_rules_on_delete = false
      + tags                   = {
          + "Env"     = "develop"
          + "Name"    = "terraform-tips-dev-alb"
          + "Project" = "develop"
          + "Stage"   = "develop"
        }
      + tags_all               = {
          + "Env"     = "develop"
          + "Name"    = "terraform-tips-dev-alb"
          + "Project" = "develop"
          + "Stage"   = "develop"
        }
      + vpc_id                 = (known after apply)
    }

  # aws_security_group.ec2_web will be created
  + resource "aws_security_group" "ec2_web" {
      + arn                    = (known after apply)
      + description            = "terraform-tips-dev-ec2-web-sg"
      + egress                 = [
          + {
              + cidr_blocks      = [
                  + "0.0.0.0/0",
                ]
              + description      = ""
              + from_port        = 0
              + ipv6_cidr_blocks = []
              + prefix_list_ids  = []
              + protocol         = "-1"
              + security_groups  = []
              + self             = false
              + to_port          = 0
            },
        ]
      + id                     = (known after apply)
      + ingress                = [
          + {
              + cidr_blocks      = [
                  + "0.0.0.0/0",
                ]
              + description      = "SSH"
              + from_port        = 22
              + ipv6_cidr_blocks = []
              + prefix_list_ids  = []
              + protocol         = "tcp"
              + security_groups  = []
              + self             = false
              + to_port          = 22
            },
          + {
              + cidr_blocks      = []
              + description      = ""
              + from_port        = 80
              + ipv6_cidr_blocks = []
              + prefix_list_ids  = []
              + protocol         = "tcp"
              + security_groups  = (known after apply)
              + self             = false
              + to_port          = 80
            },
        ]
      + name                   = "terraform-tips-dev-ec2-web-sg"
      + name_prefix            = (known after apply)
      + owner_id               = (known after apply)
      + revoke_rules_on_delete = false
      + tags                   = {
          + "Env"     = "develop"
          + "Name"    = "terraform-tips-dev-ec2-web"
          + "Project" = "develop"
          + "Stage"   = "develop"
        }
      + tags_all               = {
          + "Env"     = "develop"
          + "Name"    = "terraform-tips-dev-ec2-web"
          + "Project" = "develop"
          + "Stage"   = "develop"
        }
      + vpc_id                 = (known after apply)
    }

  # aws_security_group.rds will be created
  + resource "aws_security_group" "rds" {
      + arn                    = (known after apply)
      + description            = "terraform-tips-dev-rds-sg"
      + egress                 = [
          + {
              + cidr_blocks      = [
                  + "0.0.0.0/0",
                ]
              + description      = ""
              + from_port        = 0
              + ipv6_cidr_blocks = []
              + prefix_list_ids  = []
              + protocol         = "-1"
              + security_groups  = []
              + self             = false
              + to_port          = 0
            },
        ]
      + id                     = (known after apply)
      + ingress                = [
          + {
              + cidr_blocks      = []
              + description      = ""
              + from_port        = 3306
              + ipv6_cidr_blocks = []
              + prefix_list_ids  = []
              + protocol         = "tcp"
              + security_groups  = (known after apply)
              + self             = false
              + to_port          = 3306
            },
        ]
      + name                   = "terraform-tips-dev-rds-sg"
      + name_prefix            = (known after apply)
      + owner_id               = (known after apply)
      + revoke_rules_on_delete = false
      + tags                   = {
          + "Env"     = "develop"
          + "Name"    = "terraform-tips-dev-rds-sg"
          + "Project" = "develop"
          + "Stage"   = "develop"
        }
      + tags_all               = {
          + "Env"     = "develop"
          + "Name"    = "terraform-tips-dev-rds-sg"
          + "Project" = "develop"
          + "Stage"   = "develop"
        }
      + vpc_id                 = (known after apply)
    }

  # aws_subnet.private_a will be created
  + resource "aws_subnet" "private_a" {
      + arn                                            = (known after apply)
      + assign_ipv6_address_on_creation                = false
      + availability_zone                              = "ap-northeast-1a"
      + availability_zone_id                           = (known after apply)
      + cidr_block                                     = "192.0.0.128/27"
      + enable_dns64                                   = false
      + enable_resource_name_dns_a_record_on_launch    = false
      + enable_resource_name_dns_aaaa_record_on_launch = false
      + id                                             = (known after apply)
      + ipv6_cidr_block_association_id                 = (known after apply)
      + ipv6_native                                    = false
      + map_public_ip_on_launch                        = false
      + owner_id                                       = (known after apply)
      + private_dns_hostname_type_on_launch            = (known after apply)
      + tags                                           = {
          + "Env"     = "develop"
          + "Name"    = "terraform-tips-dev-sbn-prv-a"
          + "Project" = "develop"
          + "Stage"   = "develop"
        }
      + tags_all                                       = {
          + "Env"     = "develop"
          + "Name"    = "terraform-tips-dev-sbn-prv-a"
          + "Project" = "develop"
          + "Stage"   = "develop"
        }
      + vpc_id                                         = (known after apply)
    }

  # aws_subnet.private_c will be created
  + resource "aws_subnet" "private_c" {
      + arn                                            = (known after apply)
      + assign_ipv6_address_on_creation                = false
      + availability_zone                              = "ap-northeast-1c"
      + availability_zone_id                           = (known after apply)
      + cidr_block                                     = "192.0.0.160/27"
      + enable_dns64                                   = false
      + enable_resource_name_dns_a_record_on_launch    = false
      + enable_resource_name_dns_aaaa_record_on_launch = false
      + id                                             = (known after apply)
      + ipv6_cidr_block_association_id                 = (known after apply)
      + ipv6_native                                    = false
      + map_public_ip_on_launch                        = false
      + owner_id                                       = (known after apply)
      + private_dns_hostname_type_on_launch            = (known after apply)
      + tags                                           = {
          + "Env"     = "develop"
          + "Name"    = "terraform-tips-dev-sbn-prv-c"
          + "Project" = "develop"
          + "Stage"   = "develop"
        }
      + tags_all                                       = {
          + "Env"     = "develop"
          + "Name"    = "terraform-tips-dev-sbn-prv-c"
          + "Project" = "develop"
          + "Stage"   = "develop"
        }
      + vpc_id                                         = (known after apply)
    }

  # aws_subnet.protected_a will be created
  + resource "aws_subnet" "protected_a" {
      + arn                                            = (known after apply)
      + assign_ipv6_address_on_creation                = false
      + availability_zone                              = "ap-northeast-1a"
      + availability_zone_id                           = (known after apply)
      + cidr_block                                     = "192.0.0.64/27"
      + enable_dns64                                   = false
      + enable_resource_name_dns_a_record_on_launch    = false
      + enable_resource_name_dns_aaaa_record_on_launch = false
      + id                                             = (known after apply)
      + ipv6_cidr_block_association_id                 = (known after apply)
      + ipv6_native                                    = false
      + map_public_ip_on_launch                        = false
      + owner_id                                       = (known after apply)
      + private_dns_hostname_type_on_launch            = (known after apply)
      + tags                                           = {
          + "Env"     = "develop"
          + "Name"    = "terraform-tips-dev-sbn-prt-a"
          + "Project" = "develop"
          + "Stage"   = "develop"
        }
      + tags_all                                       = {
          + "Env"     = "develop"
          + "Name"    = "terraform-tips-dev-sbn-prt-a"
          + "Project" = "develop"
          + "Stage"   = "develop"
        }
      + vpc_id                                         = (known after apply)
    }

  # aws_subnet.protected_c will be created
  + resource "aws_subnet" "protected_c" {
      + arn                                            = (known after apply)
      + assign_ipv6_address_on_creation                = false
      + availability_zone                              = "ap-northeast-1c"
      + availability_zone_id                           = (known after apply)
      + cidr_block                                     = "192.0.0.96/27"
      + enable_dns64                                   = false
      + enable_resource_name_dns_a_record_on_launch    = false
      + enable_resource_name_dns_aaaa_record_on_launch = false
      + id                                             = (known after apply)
      + ipv6_cidr_block_association_id                 = (known after apply)
      + ipv6_native                                    = false
      + map_public_ip_on_launch                        = false
      + owner_id                                       = (known after apply)
      + private_dns_hostname_type_on_launch            = (known after apply)
      + tags                                           = {
          + "Env"     = "develop"
          + "Name"    = "terraform-tips-dev-sbn-prt-c"
          + "Project" = "develop"
          + "Stage"   = "develop"
        }
      + tags_all                                       = {
          + "Env"     = "develop"
          + "Name"    = "terraform-tips-dev-sbn-prt-c"
          + "Project" = "develop"
          + "Stage"   = "develop"
        }
      + vpc_id                                         = (known after apply)
    }

  # aws_subnet.public_a will be created
  + resource "aws_subnet" "public_a" {
      + arn                                            = (known after apply)
      + assign_ipv6_address_on_creation                = false
      + availability_zone                              = "ap-northeast-1a"
      + availability_zone_id                           = (known after apply)
      + cidr_block                                     = "192.0.0.0/27"
      + enable_dns64                                   = false
      + enable_resource_name_dns_a_record_on_launch    = false
      + enable_resource_name_dns_aaaa_record_on_launch = false
      + id                                             = (known after apply)
      + ipv6_cidr_block_association_id                 = (known after apply)
      + ipv6_native                                    = false
      + map_public_ip_on_launch                        = true
      + owner_id                                       = (known after apply)
      + private_dns_hostname_type_on_launch            = (known after apply)
      + tags                                           = {
          + "Env"     = "develop"
          + "Name"    = "terraform-tips-dev-sbn-pub-a"
          + "Project" = "develop"
          + "Stage"   = "develop"
        }
      + tags_all                                       = {
          + "Env"     = "develop"
          + "Name"    = "terraform-tips-dev-sbn-pub-a"
          + "Project" = "develop"
          + "Stage"   = "develop"
        }
      + vpc_id                                         = (known after apply)
    }

  # aws_subnet.public_c will be created
  + resource "aws_subnet" "public_c" {
      + arn                                            = (known after apply)
      + assign_ipv6_address_on_creation                = false
      + availability_zone                              = "ap-northeast-1c"
      + availability_zone_id                           = (known after apply)
      + cidr_block                                     = "192.0.0.32/27"
      + enable_dns64                                   = false
      + enable_resource_name_dns_a_record_on_launch    = false
      + enable_resource_name_dns_aaaa_record_on_launch = false
      + id                                             = (known after apply)
      + ipv6_cidr_block_association_id                 = (known after apply)
      + ipv6_native                                    = false
      + map_public_ip_on_launch                        = true
      + owner_id                                       = (known after apply)
      + private_dns_hostname_type_on_launch            = (known after apply)
      + tags                                           = {
          + "Env"     = "develop"
          + "Name"    = "terraform-tips-dev-sbn-pub-c"
          + "Project" = "develop"
          + "Stage"   = "develop"
        }
      + tags_all                                       = {
          + "Env"     = "develop"
          + "Name"    = "terraform-tips-dev-sbn-pub-c"
          + "Project" = "develop"
          + "Stage"   = "develop"
        }
      + vpc_id                                         = (known after apply)
    }

  # aws_vpc.main will be created
  + resource "aws_vpc" "main" {
      + arn                                  = (known after apply)
      + cidr_block                           = "192.0.0.0/16"
      + default_network_acl_id               = (known after apply)
      + default_route_table_id               = (known after apply)
      + default_security_group_id            = (known after apply)
      + dhcp_options_id                      = (known after apply)
      + enable_classiclink                   = (known after apply)
      + enable_classiclink_dns_support       = (known after apply)
      + enable_dns_hostnames                 = (known after apply)
      + enable_dns_support                   = true
      + id                                   = (known after apply)
      + instance_tenancy                     = "default"
      + ipv6_association_id                  = (known after apply)
      + ipv6_cidr_block                      = (known after apply)
      + ipv6_cidr_block_network_border_group = (known after apply)
      + main_route_table_id                  = (known after apply)
      + owner_id                             = (known after apply)
      + tags                                 = {
          + "Env"     = "develop"
          + "Name"    = "terraform-tips-dev-vpc"
          + "Project" = "develop"
          + "Stage"   = "develop"
        }
      + tags_all                             = {
          + "Env"     = "develop"
          + "Name"    = "terraform-tips-dev-vpc"
          + "Project" = "develop"
          + "Stage"   = "develop"
        }
    }

  # aws_wafv2_web_acl.alb will be created
  + resource "aws_wafv2_web_acl" "alb" {
      + arn         = (known after apply)
      + capacity    = (known after apply)
      + description = "terraform-tips-webacl-dev"
      + id          = (known after apply)
      + lock_token  = (known after apply)
      + name        = "terraform-tips-webacl-dev"
      + scope       = "REGIONAL"
      + tags        = {
          + "Env"     = "develop"
          + "Name"    = "terraform-tips-dev-webacl"
          + "Project" = "develop"
          + "Stage"   = "develop"
        }
      + tags_all    = {
          + "Env"     = "develop"
          + "Name"    = "terraform-tips-dev-webacl"
          + "Project" = "develop"
          + "Stage"   = "develop"
        }

      + default_action {
          + allow {
            }
        }

      + rule {
          + name     = "AWS-AWSManagedRulesAdminProtectionRuleSet"
          + priority = 5

          + override_action {

              + none {}
            }

          + statement {

              + managed_rule_group_statement {
                  + name        = "AWSManagedRulesAdminProtectionRuleSet"
                  + vendor_name = "AWS"
                }
            }

          + visibility_config {
              + cloudwatch_metrics_enabled = true
              + metric_name                = "AWSManagedRulesAdminProtectionRuleSet"
              + sampled_requests_enabled   = true
            }
        }
      + rule {
          + name     = "AWS-AWSManagedRulesAmazonIpReputationList"
          + priority = 0

          + override_action {

              + none {}
            }

          + statement {

              + managed_rule_group_statement {
                  + name        = "AWSManagedRulesAmazonIpReputationList"
                  + vendor_name = "AWS"
                }
            }

          + visibility_config {
              + cloudwatch_metrics_enabled = true
              + metric_name                = "AWSManagedRulesAmazonIpReputationList"
              + sampled_requests_enabled   = true
            }
        }
      + rule {
          + name     = "AWS-AWSManagedRulesCommonRuleSet"
          + priority = 6

          + override_action {

              + none {}
            }

          + statement {

              + managed_rule_group_statement {
                  + name        = "AWSManagedRulesCommonRuleSet"
                  + vendor_name = "AWS"

                  + excluded_rule {
                      + name = "CrossSiteScripting_BODY"
                    }
                  + excluded_rule {
                      + name = "EC2MetaDataSSRF_URIPATH"
                    }
                  + excluded_rule {
                      + name = "GenericRFI_BODY"
                    }
                  + excluded_rule {
                      + name = "GenericRFI_QUERYARGUMENTS"
                    }
                  + excluded_rule {
                      + name = "NoUserAgent_HEADER"
                    }
                  + excluded_rule {
                      + name = "SizeRestrictions_BODY"
                    }
                }
            }

          + visibility_config {
              + cloudwatch_metrics_enabled = true
              + metric_name                = "AWSManagedRulesCommonRuleSet"
              + sampled_requests_enabled   = true
            }
        }
      + rule {
          + name     = "AWS-AWSManagedRulesKnownBadInputsRuleSet"
          + priority = 1

          + override_action {

              + none {}
            }

          + statement {

              + managed_rule_group_statement {
                  + name        = "AWSManagedRulesKnownBadInputsRuleSet"
                  + vendor_name = "AWS"
                }
            }

          + visibility_config {
              + cloudwatch_metrics_enabled = true
              + metric_name                = "AWSManagedRulesKnownBadInputsRuleSet"
              + sampled_requests_enabled   = true
            }
        }
      + rule {
          + name     = "AWS-AWSManagedRulesPHPRuleSet"
          + priority = 3

          + override_action {

              + none {}
            }

          + statement {

              + managed_rule_group_statement {
                  + name        = "AWSManagedRulesPHPRuleSet"
                  + vendor_name = "AWS"
                }
            }

          + visibility_config {
              + cloudwatch_metrics_enabled = true
              + metric_name                = "AWSManagedRulesPHPRuleSet"
              + sampled_requests_enabled   = true
            }
        }
      + rule {
          + name     = "AWS-AWSManagedRulesSQLiRuleSet"
          + priority = 4

          + override_action {

              + none {}
            }

          + statement {

              + managed_rule_group_statement {
                  + name        = "AWSManagedRulesSQLiRuleSet"
                  + vendor_name = "AWS"

                  + excluded_rule {
                      + name = "SQLi_BODY"
                    }
                }
            }

          + visibility_config {
              + cloudwatch_metrics_enabled = true
              + metric_name                = "AWSManagedRulesSQLiRuleSet"
              + sampled_requests_enabled   = true
            }
        }
      + rule {
          + name     = "AWS-AWSManagedRulesUnixRuleSet"
          + priority = 2

          + override_action {

              + none {}
            }

          + statement {

              + managed_rule_group_statement {
                  + name        = "AWSManagedRulesUnixRuleSet"
                  + vendor_name = "AWS"
                }
            }

          + visibility_config {
              + cloudwatch_metrics_enabled = true
              + metric_name                = "AWSManagedRulesUnixRuleSet"
              + sampled_requests_enabled   = true
            }
        }

      + visibility_config {
          + cloudwatch_metrics_enabled = true
          + metric_name                = "terraform-tips-webacl-dev"
          + sampled_requests_enabled   = true
        }
    }

  # aws_wafv2_web_acl_association.web_alb will be created
  + resource "aws_wafv2_web_acl_association" "web_alb" {
      + id           = (known after apply)
      + resource_arn = (known after apply)
      + web_acl_arn  = (known after apply)
    }

Plan: 24 to add, 0 to change, 0 to destroy.

Changes to Outputs:
  + aurora_endpint        = (known after apply)
  + aurora_reader_endpint = (known after apply)
  + web_alb_fqdn          = (known after apply)

------------------------------------------------------------------------

Note: You didn't specify an "-out" parameter to save this plan, so Terraform
can't guarantee that exactly these actions will be performed if
"terraform apply" is subsequently run.

